Microsoft Visual Studio Solution File, Format Version 12.00
# Visual Studio 15
VisualStudioVersion = 15.0.26430.14
MinimumVisualStudioVersion = 10.0.40219.1
Project("{FAE04EC0-301F-11D3-BF4B-00C04F79EFBC}") = "RESTAPISDK.Standard", "RESTAPISDK.Standard/RESTAPISDK.Standard.csproj", "{8d312144-21c2-4f31-91d5-03ab36e704b1}"
EndProject
Project("{FAE04EC0-301F-11D3-BF4B-00C04F79EFBC}") = "RESTAPISDK.Tests", "RESTAPISDK.Tests/RESTAPISDK.Tests.csproj", "{e2a9a358-248e-448f-bfc9-f88c11611ecd}"
EndProject
Global
    GlobalSection(SolutionConfigurationPlatforms) = preSolution
        Debug|Any CPU = Debug|Any CPU
        Release|Any CPU = Release|Any CPU
    EndGlobalSection
    GlobalSection(ProjectConfigurationPlatforms) = postSolution
        {8d312144-21c2-4f31-91d5-03ab36e704b1}.Debug|Any CPU.ActiveCfg = Debug|Any CPU
        {8d312144-21c2-4f31-91d5-03ab36e704b1}.Debug|Any CPU.Build.0 = Debug|Any CPU
        {8d312144-21c2-4f31-91d5-03ab36e704b1}.Release|Any CPU.ActiveCfg = Release|Any CPU
        {8d312144-21c2-4f31-91d5-03ab36e704b1}.Release|Any CPU.Build.0 = Release|Any CPU
        {e2a9a358-248e-448f-bfc9-f88c11611ecd}.Debug|Any CPU.ActiveCfg = Debug|Any CPU
        {e2a9a358-248e-448f-bfc9-f88c11611ecd}.Debug|Any CPU.Build.0 = Debug|Any CPU
        {e2a9a358-248e-448f-bfc9-f88c11611ecd}.Release|Any CPU.ActiveCfg = Release|Any CPU
        {e2a9a358-248e-448f-bfc9-f88c11611ecd}.Release|Any CPU.Build.0 = Release|Any CPU
    EndGlobalSection
    GlobalSection(SolutionProperties) = preSolution
        HideSolutionNode = FALSE
    EndGlobalSection
EndGlobal
